// !$*UTF8*$!
{
	archiveVersion = 1;
	classes = {
	};
	objectVersion = 50;
	objects = {

/* Begin PBXBuildFile section */
		7D7BE160240B0E5E0079007C /* AppDelegate.swift in Sources */ = {isa = PBXBuildFile; fileRef = 7D7BE15F240B0E5E0079007C /* AppDelegate.swift */; };
		7D7BE162240B0E5E0079007C /* SceneDelegate.swift in Sources */ = {isa = PBXBuildFile; fileRef = 7D7BE161240B0E5E0079007C /* SceneDelegate.swift */; };
		7D7BE166240B0E600079007C /* Assets.xcassets in Resources */ = {isa = PBXBuildFile; fileRef = 7D7BE165240B0E600079007C /* Assets.xcassets */; };
		7D7BE169240B0E600079007C /* Preview Assets.xcassets in Resources */ = {isa = PBXBuildFile; fileRef = 7D7BE168240B0E600079007C /* Preview Assets.xcassets */; };
		7D7BE16C240B0E600079007C /* LaunchScreen.storyboard in Resources */ = {isa = PBXBuildFile; fileRef = 7D7BE16A240B0E600079007C /* LaunchScreen.storyboard */; };
		7D7BE196240B295F0079007C /* Media.xcassets in Resources */ = {isa = PBXBuildFile; fileRef = 7D7BE195240B295F0079007C /* Media.xcassets */; };
		7D7BE198240B295F0079007C /* ActionViewController.swift in Sources */ = {isa = PBXBuildFile; fileRef = 7D7BE197240B295F0079007C /* ActionViewController.swift */; };
		7D7BE19B240B295F0079007C /* MainInterface.storyboard in Resources */ = {isa = PBXBuildFile; fileRef = 7D7BE199240B295F0079007C /* MainInterface.storyboard */; };
		7D7BE19F240B295F0079007C /* SkynetSave.appex in Embed App Extensions */ = {isa = PBXBuildFile; fileRef = 7D7BE193240B295F0079007C /* SkynetSave.appex */; settings = {ATTRIBUTES = (RemoveHeadersOnCopy, ); }; };
		7D7BE1BE240C0E060079007C /* Portal.swift in Sources */ = {isa = PBXBuildFile; fileRef = 7D7BE1BD240C0E060079007C /* Portal.swift */; };
		7DAD958E240E96BA001B8440 /* Zip.framework in Frameworks */ = {isa = PBXBuildFile; fileRef = 7DAD958B240E7A73001B8440 /* Zip.framework */; };
		7DAD9590240E9729001B8440 /* Zip.framework in Frameworks */ = {isa = PBXBuildFile; fileRef = 7DAD958B240E7A73001B8440 /* Zip.framework */; };
		7DAD9592240ED8FF001B8440 /* PortalsView.swift in Sources */ = {isa = PBXBuildFile; fileRef = 7DEFE96D240D8973007444D4 /* PortalsView.swift */; };
		7DB38556240C37A200F1E89B /* Alamofire.framework in Frameworks */ = {isa = PBXBuildFile; fileRef = 7DB38553240C378900F1E89B /* Alamofire.framework */; };
		7DB38558240C37A600F1E89B /* Alamofire.framework in Frameworks */ = {isa = PBXBuildFile; fileRef = 7DB38553240C378900F1E89B /* Alamofire.framework */; };
		7DB3855E240C783F00F1E89B /* Skylink.swift in Sources */ = {isa = PBXBuildFile; fileRef = 7DB3855D240C783F00F1E89B /* Skylink.swift */; };
		7DB3855F240C783F00F1E89B /* Skylink.swift in Sources */ = {isa = PBXBuildFile; fileRef = 7DB3855D240C783F00F1E89B /* Skylink.swift */; };
		7DB38562240C7AEB00F1E89B /* Portal.swift in Sources */ = {isa = PBXBuildFile; fileRef = 7D7BE1BD240C0E060079007C /* Portal.swift */; };
		7DB38564240C7C0A00F1E89B /* Manager.swift in Sources */ = {isa = PBXBuildFile; fileRef = 7DB38563240C7C0A00F1E89B /* Manager.swift */; };
		7DB38565240C7C0A00F1E89B /* Manager.swift in Sources */ = {isa = PBXBuildFile; fileRef = 7DB38563240C7C0A00F1E89B /* Manager.swift */; };
		7DC3C2072411AABC005BE46E /* MyPortals.swift in Sources */ = {isa = PBXBuildFile; fileRef = 7DC3C2062411AABC005BE46E /* MyPortals.swift */; };
		7DC3C2092411ABD9005BE46E /* AddPortalView.swift in Sources */ = {isa = PBXBuildFile; fileRef = 7DC3C2082411ABD9005BE46E /* AddPortalView.swift */; };
		7DC3C20A2411AE8B005BE46E /* AddPortalView.swift in Sources */ = {isa = PBXBuildFile; fileRef = 7DC3C2082411ABD9005BE46E /* AddPortalView.swift */; };
		7DC3C20B2411B0D5005BE46E /* MyPortals.swift in Sources */ = {isa = PBXBuildFile; fileRef = 7DC3C2062411AABC005BE46E /* MyPortals.swift */; };
		7DEB68EA240C1140008DBAC8 /* SkylinksView.swift in Sources */ = {isa = PBXBuildFile; fileRef = 7DEB68E9240C1140008DBAC8 /* SkylinksView.swift */; };
		7DEB68F0240C22FF008DBAC8 /* Skynet.swift in Sources */ = {isa = PBXBuildFile; fileRef = 7D7BE17A240B16D30079007C /* Skynet.swift */; };
		7DEB68F1240C2329008DBAC8 /* Skynet.swift in Sources */ = {isa = PBXBuildFile; fileRef = 7D7BE17A240B16D30079007C /* Skynet.swift */; };
		7DED8086240D212F00CC4F4B /* LocalizedTimeAgo.swift in Sources */ = {isa = PBXBuildFile; fileRef = 7DED8085240D212F00CC4F4B /* LocalizedTimeAgo.swift */; };
		7DEFE96E240D8973007444D4 /* PortalsView.swift in Sources */ = {isa = PBXBuildFile; fileRef = 7DEFE96D240D8973007444D4 /* PortalsView.swift */; };
/* End PBXBuildFile section */

/* Begin PBXContainerItemProxy section */
		7D7BE19D240B295F0079007C /* PBXContainerItemProxy */ = {
			isa = PBXContainerItemProxy;
			containerPortal = 7D7BE154240B0E5E0079007C /* Project object */;
			proxyType = 1;
			remoteGlobalIDString = 7D7BE192240B295F0079007C;
			remoteInfo = SkynetSave;
		};
/* End PBXContainerItemProxy section */

/* Begin PBXCopyFilesBuildPhase section */
		7D7BE177240B129C0079007C /* Embed Frameworks */ = {
			isa = PBXCopyFilesBuildPhase;
			buildActionMask = 2147483647;
			dstPath = "";
			dstSubfolderSpec = 10;
			files = (
			);
			name = "Embed Frameworks";
			runOnlyForDeploymentPostprocessing = 0;
		};
		7D7BE18E240B26EB0079007C /* Embed App Extensions */ = {
			isa = PBXCopyFilesBuildPhase;
			buildActionMask = 2147483647;
			dstPath = "";
			dstSubfolderSpec = 13;
			files = (
				7D7BE19F240B295F0079007C /* SkynetSave.appex in Embed App Extensions */,
			);
			name = "Embed App Extensions";
			runOnlyForDeploymentPostprocessing = 0;
		};
/* End PBXCopyFilesBuildPhase section */

/* Begin PBXFileReference section */
		7D7BE15C240B0E5E0079007C /* Skynet.app */ = {isa = PBXFileReference; explicitFileType = wrapper.application; includeInIndex = 0; path = Skynet.app; sourceTree = BUILT_PRODUCTS_DIR; };
		7D7BE15F240B0E5E0079007C /* AppDelegate.swift */ = {isa = PBXFileReference; lastKnownFileType = sourcecode.swift; path = AppDelegate.swift; sourceTree = "<group>"; };
		7D7BE161240B0E5E0079007C /* SceneDelegate.swift */ = {isa = PBXFileReference; lastKnownFileType = sourcecode.swift; path = SceneDelegate.swift; sourceTree = "<group>"; };
		7D7BE165240B0E600079007C /* Assets.xcassets */ = {isa = PBXFileReference; lastKnownFileType = folder.assetcatalog; path = Assets.xcassets; sourceTree = "<group>"; };
		7D7BE168240B0E600079007C /* Preview Assets.xcassets */ = {isa = PBXFileReference; lastKnownFileType = folder.assetcatalog; path = "Preview Assets.xcassets"; sourceTree = "<group>"; };
		7D7BE16B240B0E600079007C /* Base */ = {isa = PBXFileReference; lastKnownFileType = file.storyboard; name = Base; path = Base.lproj/LaunchScreen.storyboard; sourceTree = "<group>"; };
		7D7BE16D240B0E600079007C /* Info.plist */ = {isa = PBXFileReference; lastKnownFileType = text.plist.xml; path = Info.plist; sourceTree = "<group>"; };
		7D7BE17A240B16D30079007C /* Skynet.swift */ = {isa = PBXFileReference; lastKnownFileType = sourcecode.swift; path = Skynet.swift; sourceTree = "<group>"; };
		7D7BE193240B295F0079007C /* SkynetSave.appex */ = {isa = PBXFileReference; explicitFileType = "wrapper.app-extension"; includeInIndex = 0; path = SkynetSave.appex; sourceTree = BUILT_PRODUCTS_DIR; };
		7D7BE195240B295F0079007C /* Media.xcassets */ = {isa = PBXFileReference; lastKnownFileType = folder.assetcatalog; path = Media.xcassets; sourceTree = "<group>"; };
		7D7BE197240B295F0079007C /* ActionViewController.swift */ = {isa = PBXFileReference; lastKnownFileType = sourcecode.swift; path = ActionViewController.swift; sourceTree = "<group>"; };
		7D7BE19A240B295F0079007C /* Base */ = {isa = PBXFileReference; lastKnownFileType = file.storyboard; name = Base; path = Base.lproj/MainInterface.storyboard; sourceTree = "<group>"; };
		7D7BE19C240B295F0079007C /* Info.plist */ = {isa = PBXFileReference; lastKnownFileType = text.plist.xml; path = Info.plist; sourceTree = "<group>"; };
		7D7BE1BD240C0E060079007C /* Portal.swift */ = {isa = PBXFileReference; lastKnownFileType = sourcecode.swift; path = Portal.swift; sourceTree = "<group>"; };
		7DAD958B240E7A73001B8440 /* Zip.framework */ = {isa = PBXFileReference; lastKnownFileType = wrapper.framework; name = Zip.framework; path = Carthage/Build/iOS/Zip.framework; sourceTree = "<group>"; };
		7DB38553240C378900F1E89B /* Alamofire.framework */ = {isa = PBXFileReference; lastKnownFileType = wrapper.framework; name = Alamofire.framework; path = Carthage/Build/iOS/Alamofire.framework; sourceTree = "<group>"; };
		7DB3855D240C783F00F1E89B /* Skylink.swift */ = {isa = PBXFileReference; lastKnownFileType = sourcecode.swift; path = Skylink.swift; sourceTree = "<group>"; };
		7DB38563240C7C0A00F1E89B /* Manager.swift */ = {isa = PBXFileReference; lastKnownFileType = sourcecode.swift; path = Manager.swift; sourceTree = "<group>"; };
		7DC3C2062411AABC005BE46E /* MyPortals.swift */ = {isa = PBXFileReference; lastKnownFileType = sourcecode.swift; path = MyPortals.swift; sourceTree = "<group>"; };
		7DC3C2082411ABD9005BE46E /* AddPortalView.swift */ = {isa = PBXFileReference; lastKnownFileType = sourcecode.swift; path = AddPortalView.swift; sourceTree = "<group>"; };
		7DEB68E9240C1140008DBAC8 /* SkylinksView.swift */ = {isa = PBXFileReference; fileEncoding = 4; lastKnownFileType = sourcecode.swift; path = SkylinksView.swift; sourceTree = "<group>"; };
		7DEB68EC240C1602008DBAC8 /* Skynet.entitlements */ = {isa = PBXFileReference; lastKnownFileType = text.plist.entitlements; path = Skynet.entitlements; sourceTree = "<group>"; };
		7DEB68EE240C17BE008DBAC8 /* SkynetSave.entitlements */ = {isa = PBXFileReference; lastKnownFileType = text.plist.entitlements; path = SkynetSave.entitlements; sourceTree = "<group>"; };
		7DED8085240D212F00CC4F4B /* LocalizedTimeAgo.swift */ = {isa = PBXFileReference; lastKnownFileType = sourcecode.swift; path = LocalizedTimeAgo.swift; sourceTree = "<group>"; };
		7DEFE96D240D8973007444D4 /* PortalsView.swift */ = {isa = PBXFileReference; lastKnownFileType = sourcecode.swift; path = PortalsView.swift; sourceTree = "<group>"; };
/* End PBXFileReference section */

/* Begin PBXFrameworksBuildPhase section */
		7D7BE159240B0E5E0079007C /* Frameworks */ = {
			isa = PBXFrameworksBuildPhase;
			buildActionMask = 2147483647;
			files = (
				7DAD9590240E9729001B8440 /* Zip.framework in Frameworks */,
				7DB38556240C37A200F1E89B /* Alamofire.framework in Frameworks */,
			);
			runOnlyForDeploymentPostprocessing = 0;
		};
		7D7BE190240B295F0079007C /* Frameworks */ = {
			isa = PBXFrameworksBuildPhase;
			buildActionMask = 2147483647;
			files = (
				7DAD958E240E96BA001B8440 /* Zip.framework in Frameworks */,
				7DB38558240C37A600F1E89B /* Alamofire.framework in Frameworks */,
			);
			runOnlyForDeploymentPostprocessing = 0;
		};
/* End PBXFrameworksBuildPhase section */

/* Begin PBXGroup section */
		7D7BE153240B0E5E0079007C = {
			isa = PBXGroup;
			children = (
				7DEB68EF240C22F7008DBAC8 /* Common */,
				7D7BE15E240B0E5E0079007C /* Skynet */,
				7D7BE194240B295F0079007C /* SkynetSave */,
				7D7BE15D240B0E5E0079007C /* Products */,
				7D7BE1B9240B3D620079007C /* Frameworks */,
			);
			sourceTree = "<group>";
		};
		7D7BE15D240B0E5E0079007C /* Products */ = {
			isa = PBXGroup;
			children = (
				7D7BE15C240B0E5E0079007C /* Skynet.app */,
				7D7BE193240B295F0079007C /* SkynetSave.appex */,
			);
			name = Products;
			sourceTree = "<group>";
		};
		7D7BE15E240B0E5E0079007C /* Skynet */ = {
			isa = PBXGroup;
			children = (
				7DED8084240D211F00CC4F4B /* Helpers */,
				7DB38563240C7C0A00F1E89B /* Manager.swift */,
				7DC3C2062411AABC005BE46E /* MyPortals.swift */,
				7DB38560240C79B200F1E89B /* Views */,
				7D7BE15F240B0E5E0079007C /* AppDelegate.swift */,
				7D7BE161240B0E5E0079007C /* SceneDelegate.swift */,
				7D7BE165240B0E600079007C /* Assets.xcassets */,
				7D7BE16A240B0E600079007C /* LaunchScreen.storyboard */,
				7D7BE16D240B0E600079007C /* Info.plist */,
				7DEB68EC240C1602008DBAC8 /* Skynet.entitlements */,
				7D7BE167240B0E600079007C /* Preview Content */,
			);
			path = Skynet;
			sourceTree = "<group>";
		};
		7D7BE167240B0E600079007C /* Preview Content */ = {
			isa = PBXGroup;
			children = (
				7D7BE168240B0E600079007C /* Preview Assets.xcassets */,
			);
			path = "Preview Content";
			sourceTree = "<group>";
		};
		7D7BE194240B295F0079007C /* SkynetSave */ = {
			isa = PBXGroup;
			children = (
				7DEB68EE240C17BE008DBAC8 /* SkynetSave.entitlements */,
				7D7BE195240B295F0079007C /* Media.xcassets */,
				7D7BE197240B295F0079007C /* ActionViewController.swift */,
				7D7BE199240B295F0079007C /* MainInterface.storyboard */,
				7D7BE19C240B295F0079007C /* Info.plist */,
			);
			path = SkynetSave;
			sourceTree = "<group>";
		};
		7D7BE1B9240B3D620079007C /* Frameworks */ = {
			isa = PBXGroup;
			children = (
				7DAD958B240E7A73001B8440 /* Zip.framework */,
				7DB38553240C378900F1E89B /* Alamofire.framework */,
			);
			name = Frameworks;
			sourceTree = "<group>";
		};
		7DB38560240C79B200F1E89B /* Views */ = {
			isa = PBXGroup;
			children = (
				7DEB68E9240C1140008DBAC8 /* SkylinksView.swift */,
				7DEFE96D240D8973007444D4 /* PortalsView.swift */,
				7DC3C2082411ABD9005BE46E /* AddPortalView.swift */,
			);
			path = Views;
			sourceTree = "<group>";
		};
		7DB38561240C7AE200F1E89B /* Model */ = {
			isa = PBXGroup;
			children = (
				7D7BE1BD240C0E060079007C /* Portal.swift */,
				7DB3855D240C783F00F1E89B /* Skylink.swift */,
			);
			path = Model;
			sourceTree = "<group>";
		};
		7DEB68EF240C22F7008DBAC8 /* Common */ = {
			isa = PBXGroup;
			children = (
				7D7BE17A240B16D30079007C /* Skynet.swift */,
				7DB38561240C7AE200F1E89B /* Model */,
			);
			path = Common;
			sourceTree = "<group>";
		};
		7DED8084240D211F00CC4F4B /* Helpers */ = {
			isa = PBXGroup;
			children = (
				7DED8085240D212F00CC4F4B /* LocalizedTimeAgo.swift */,
			);
			path = Helpers;
			sourceTree = "<group>";
		};
/* End PBXGroup section */

/* Begin PBXNativeTarget section */
		7D7BE15B240B0E5E0079007C /* Skynet */ = {
			isa = PBXNativeTarget;
			buildConfigurationList = 7D7BE170240B0E600079007C /* Build configuration list for PBXNativeTarget "Skynet" */;
			buildPhases = (
				7D7BE158240B0E5E0079007C /* Sources */,
				7D7BE159240B0E5E0079007C /* Frameworks */,
				7D7BE15A240B0E5E0079007C /* Resources */,
				7D7BE177240B129C0079007C /* Embed Frameworks */,
				7D7BE18E240B26EB0079007C /* Embed App Extensions */,
				7DC3C20524119ED0005BE46E /* ShellScript */,
			);
			buildRules = (
			);
			dependencies = (
				7D7BE19E240B295F0079007C /* PBXTargetDependency */,
			);
			name = Skynet;
			productName = Skynet;
			productReference = 7D7BE15C240B0E5E0079007C /* Skynet.app */;
			productType = "com.apple.product-type.application";
		};
		7D7BE192240B295F0079007C /* SkynetSave */ = {
			isa = PBXNativeTarget;
			buildConfigurationList = 7D7BE1A0240B295F0079007C /* Build configuration list for PBXNativeTarget "SkynetSave" */;
			buildPhases = (
				7D7BE18F240B295F0079007C /* Sources */,
				7D7BE190240B295F0079007C /* Frameworks */,
				7D7BE191240B295F0079007C /* Resources */,
			);
			buildRules = (
			);
			dependencies = (
			);
			name = SkynetSave;
			productName = SkynetSave;
			productReference = 7D7BE193240B295F0079007C /* SkynetSave.appex */;
			productType = "com.apple.product-type.app-extension";
		};
/* End PBXNativeTarget section */

/* Begin PBXProject section */
		7D7BE154240B0E5E0079007C /* Project object */ = {
			isa = PBXProject;
			attributes = {
				LastSwiftUpdateCheck = 1130;
				LastUpgradeCheck = 1130;
				ORGANIZATIONNAME = "Wojciech Mandrysz";
				TargetAttributes = {
					7D7BE15B240B0E5E0079007C = {
						CreatedOnToolsVersion = 11.3.1;
					};
					7D7BE192240B295F0079007C = {
						CreatedOnToolsVersion = 11.3.1;
					};
				};
			};
			buildConfigurationList = 7D7BE157240B0E5E0079007C /* Build configuration list for PBXProject "Skynet" */;
			compatibilityVersion = "Xcode 9.3";
			developmentRegion = en;
			hasScannedForEncodings = 0;
			knownRegions = (
				en,
				Base,
			);
			mainGroup = 7D7BE153240B0E5E0079007C;
			productRefGroup = 7D7BE15D240B0E5E0079007C /* Products */;
			projectDirPath = "";
			projectRoot = "";
			targets = (
				7D7BE15B240B0E5E0079007C /* Skynet */,
				7D7BE192240B295F0079007C /* SkynetSave */,
			);
		};
/* End PBXProject section */

/* Begin PBXResourcesBuildPhase section */
		7D7BE15A240B0E5E0079007C /* Resources */ = {
			isa = PBXResourcesBuildPhase;
			buildActionMask = 2147483647;
			files = (
				7D7BE16C240B0E600079007C /* LaunchScreen.storyboard in Resources */,
				7D7BE169240B0E600079007C /* Preview Assets.xcassets in Resources */,
				7D7BE166240B0E600079007C /* Assets.xcassets in Resources */,
			);
			runOnlyForDeploymentPostprocessing = 0;
		};
		7D7BE191240B295F0079007C /* Resources */ = {
			isa = PBXResourcesBuildPhase;
			buildActionMask = 2147483647;
			files = (
				7D7BE196240B295F0079007C /* Media.xcassets in Resources */,
				7D7BE19B240B295F0079007C /* MainInterface.storyboard in Resources */,
			);
			runOnlyForDeploymentPostprocessing = 0;
		};
/* End PBXResourcesBuildPhase section */

/* Begin PBXShellScriptBuildPhase section */
		7DC3C20524119ED0005BE46E /* ShellScript */ = {
			isa = PBXShellScriptBuildPhase;
			buildActionMask = 2147483647;
			files = (
			);
			inputFileListPaths = (
			);
			inputPaths = (
				"$(SRCROOT)/Carthage/Build/iOS/Alamofire.framework",
				"$(SRCROOT)/Carthage/Build/iOS/Zip.framework",
			);
			outputFileListPaths = (
			);
			outputPaths = (
			);
			runOnlyForDeploymentPostprocessing = 0;
			shellPath = /bin/sh;
			shellScript = "/usr/local/bin/carthage copy-frameworks\n";
		};
/* End PBXShellScriptBuildPhase section */

/* Begin PBXSourcesBuildPhase section */
		7D7BE158240B0E5E0079007C /* Sources */ = {
			isa = PBXSourcesBuildPhase;
			buildActionMask = 2147483647;
			files = (
				7D7BE160240B0E5E0079007C /* AppDelegate.swift in Sources */,
				7DC3C2072411AABC005BE46E /* MyPortals.swift in Sources */,
				7DEB68F0240C22FF008DBAC8 /* Skynet.swift in Sources */,
				7D7BE1BE240C0E060079007C /* Portal.swift in Sources */,
				7DEB68EA240C1140008DBAC8 /* SkylinksView.swift in Sources */,
				7DB38564240C7C0A00F1E89B /* Manager.swift in Sources */,
				7DC3C2092411ABD9005BE46E /* AddPortalView.swift in Sources */,
				7D7BE162240B0E5E0079007C /* SceneDelegate.swift in Sources */,
				7DEFE96E240D8973007444D4 /* PortalsView.swift in Sources */,
				7DED8086240D212F00CC4F4B /* LocalizedTimeAgo.swift in Sources */,
				7DB3855E240C783F00F1E89B /* Skylink.swift in Sources */,
			);
			runOnlyForDeploymentPostprocessing = 0;
		};
		7D7BE18F240B295F0079007C /* Sources */ = {
			isa = PBXSourcesBuildPhase;
			buildActionMask = 2147483647;
			files = (
				7DAD9592240ED8FF001B8440 /* PortalsView.swift in Sources */,
				7DC3C20A2411AE8B005BE46E /* AddPortalView.swift in Sources */,
				7D7BE198240B295F0079007C /* ActionViewController.swift in Sources */,
				7DB38562240C7AEB00F1E89B /* Portal.swift in Sources */,
				7DB3855F240C783F00F1E89B /* Skylink.swift in Sources */,
				7DC3C20B2411B0D5005BE46E /* MyPortals.swift in Sources */,
				7DEB68F1240C2329008DBAC8 /* Skynet.swift in Sources */,
				7DB38565240C7C0A00F1E89B /* Manager.swift in Sources */,
			);
			runOnlyForDeploymentPostprocessing = 0;
		};
/* End PBXSourcesBuildPhase section */

/* Begin PBXTargetDependency section */
		7D7BE19E240B295F0079007C /* PBXTargetDependency */ = {
			isa = PBXTargetDependency;
			target = 7D7BE192240B295F0079007C /* SkynetSave */;
			targetProxy = 7D7BE19D240B295F0079007C /* PBXContainerItemProxy */;
		};
/* End PBXTargetDependency section */

/* Begin PBXVariantGroup section */
		7D7BE16A240B0E600079007C /* LaunchScreen.storyboard */ = {
			isa = PBXVariantGroup;
			children = (
				7D7BE16B240B0E600079007C /* Base */,
			);
			name = LaunchScreen.storyboard;
			sourceTree = "<group>";
		};
		7D7BE199240B295F0079007C /* MainInterface.storyboard */ = {
			isa = PBXVariantGroup;
			children = (
				7D7BE19A240B295F0079007C /* Base */,
			);
			name = MainInterface.storyboard;
			sourceTree = "<group>";
		};
/* End PBXVariantGroup section */

/* Begin XCBuildConfiguration section */
		7D7BE16E240B0E600079007C /* Debug */ = {
			isa = XCBuildConfiguration;
			buildSettings = {
				ALWAYS_SEARCH_USER_PATHS = NO;
				CLANG_ANALYZER_NONNULL = YES;
				CLANG_ANALYZER_NUMBER_OBJECT_CONVERSION = YES_AGGRESSIVE;
				CLANG_CXX_LANGUAGE_STANDARD = "gnu++14";
				CLANG_CXX_LIBRARY = "libc++";
				CLANG_ENABLE_MODULES = YES;
				CLANG_ENABLE_OBJC_ARC = YES;
				CLANG_ENABLE_OBJC_WEAK = YES;
				CLANG_WARN_BLOCK_CAPTURE_AUTORELEASING = YES;
				CLANG_WARN_BOOL_CONVERSION = YES;
				CLANG_WARN_COMMA = YES;
				CLANG_WARN_CONSTANT_CONVERSION = YES;
				CLANG_WARN_DEPRECATED_OBJC_IMPLEMENTATIONS = YES;
				CLANG_WARN_DIRECT_OBJC_ISA_USAGE = YES_ERROR;
				CLANG_WARN_DOCUMENTATION_COMMENTS = YES;
				CLANG_WARN_EMPTY_BODY = YES;
				CLANG_WARN_ENUM_CONVERSION = YES;
				CLANG_WARN_INFINITE_RECURSION = YES;
				CLANG_WARN_INT_CONVERSION = YES;
				CLANG_WARN_NON_LITERAL_NULL_CONVERSION = YES;
				CLANG_WARN_OBJC_IMPLICIT_RETAIN_SELF = YES;
				CLANG_WARN_OBJC_LITERAL_CONVERSION = YES;
				CLANG_WARN_OBJC_ROOT_CLASS = YES_ERROR;
				CLANG_WARN_RANGE_LOOP_ANALYSIS = YES;
				CLANG_WARN_STRICT_PROTOTYPES = YES;
				CLANG_WARN_SUSPICIOUS_MOVE = YES;
				CLANG_WARN_UNGUARDED_AVAILABILITY = YES_AGGRESSIVE;
				CLANG_WARN_UNREACHABLE_CODE = YES;
				CLANG_WARN__DUPLICATE_METHOD_MATCH = YES;
				COPY_PHASE_STRIP = NO;
				DEBUG_INFORMATION_FORMAT = dwarf;
				ENABLE_STRICT_OBJC_MSGSEND = YES;
				ENABLE_TESTABILITY = YES;
				GCC_C_LANGUAGE_STANDARD = gnu11;
				GCC_DYNAMIC_NO_PIC = NO;
				GCC_NO_COMMON_BLOCKS = YES;
				GCC_OPTIMIZATION_LEVEL = 0;
				GCC_PREPROCESSOR_DEFINITIONS = (
					"DEBUG=1",
					"$(inherited)",
				);
				GCC_WARN_64_TO_32_BIT_CONVERSION = YES;
				GCC_WARN_ABOUT_RETURN_TYPE = YES_ERROR;
				GCC_WARN_UNDECLARED_SELECTOR = YES;
				GCC_WARN_UNINITIALIZED_AUTOS = YES_AGGRESSIVE;
				GCC_WARN_UNUSED_FUNCTION = YES;
				GCC_WARN_UNUSED_VARIABLE = YES;
				IPHONEOS_DEPLOYMENT_TARGET = 13.2;
				MTL_ENABLE_DEBUG_INFO = INCLUDE_SOURCE;
				MTL_FAST_MATH = YES;
				ONLY_ACTIVE_ARCH = YES;
				SDKROOT = iphoneos;
				SWIFT_ACTIVE_COMPILATION_CONDITIONS = DEBUG;
				SWIFT_OPTIMIZATION_LEVEL = "-Onone";
			};
			name = Debug;
		};
		7D7BE16F240B0E600079007C /* Release */ = {
			isa = XCBuildConfiguration;
			buildSettings = {
				ALWAYS_SEARCH_USER_PATHS = NO;
				CLANG_ANALYZER_NONNULL = YES;
				CLANG_ANALYZER_NUMBER_OBJECT_CONVERSION = YES_AGGRESSIVE;
				CLANG_CXX_LANGUAGE_STANDARD = "gnu++14";
				CLANG_CXX_LIBRARY = "libc++";
				CLANG_ENABLE_MODULES = YES;
				CLANG_ENABLE_OBJC_ARC = YES;
				CLANG_ENABLE_OBJC_WEAK = YES;
				CLANG_WARN_BLOCK_CAPTURE_AUTORELEASING = YES;
				CLANG_WARN_BOOL_CONVERSION = YES;
				CLANG_WARN_COMMA = YES;
				CLANG_WARN_CONSTANT_CONVERSION = YES;
				CLANG_WARN_DEPRECATED_OBJC_IMPLEMENTATIONS = YES;
				CLANG_WARN_DIRECT_OBJC_ISA_USAGE = YES_ERROR;
				CLANG_WARN_DOCUMENTATION_COMMENTS = YES;
				CLANG_WARN_EMPTY_BODY = YES;
				CLANG_WARN_ENUM_CONVERSION = YES;
				CLANG_WARN_INFINITE_RECURSION = YES;
				CLANG_WARN_INT_CONVERSION = YES;
				CLANG_WARN_NON_LITERAL_NULL_CONVERSION = YES;
				CLANG_WARN_OBJC_IMPLICIT_RETAIN_SELF = YES;
				CLANG_WARN_OBJC_LITERAL_CONVERSION = YES;
				CLANG_WARN_OBJC_ROOT_CLASS = YES_ERROR;
				CLANG_WARN_RANGE_LOOP_ANALYSIS = YES;
				CLANG_WARN_STRICT_PROTOTYPES = YES;
				CLANG_WARN_SUSPICIOUS_MOVE = YES;
				CLANG_WARN_UNGUARDED_AVAILABILITY = YES_AGGRESSIVE;
				CLANG_WARN_UNREACHABLE_CODE = YES;
				CLANG_WARN__DUPLICATE_METHOD_MATCH = YES;
				COPY_PHASE_STRIP = NO;
				DEBUG_INFORMATION_FORMAT = "dwarf-with-dsym";
				ENABLE_NS_ASSERTIONS = NO;
				ENABLE_STRICT_OBJC_MSGSEND = YES;
				GCC_C_LANGUAGE_STANDARD = gnu11;
				GCC_NO_COMMON_BLOCKS = YES;
				GCC_WARN_64_TO_32_BIT_CONVERSION = YES;
				GCC_WARN_ABOUT_RETURN_TYPE = YES_ERROR;
				GCC_WARN_UNDECLARED_SELECTOR = YES;
				GCC_WARN_UNINITIALIZED_AUTOS = YES_AGGRESSIVE;
				GCC_WARN_UNUSED_FUNCTION = YES;
				GCC_WARN_UNUSED_VARIABLE = YES;
				IPHONEOS_DEPLOYMENT_TARGET = 13.2;
				MTL_ENABLE_DEBUG_INFO = NO;
				MTL_FAST_MATH = YES;
				SDKROOT = iphoneos;
				SWIFT_COMPILATION_MODE = wholemodule;
				SWIFT_OPTIMIZATION_LEVEL = "-O";
				VALIDATE_PRODUCT = YES;
			};
			name = Release;
		};
		7D7BE171240B0E600079007C /* Debug */ = {
			isa = XCBuildConfiguration;
			buildSettings = {
				ALWAYS_EMBED_SWIFT_STANDARD_LIBRARIES = YES;
				ASSETCATALOG_COMPILER_APPICON_NAME = AppIcon;
				CODE_SIGN_ENTITLEMENTS = Skynet/Skynet.entitlements;
				CODE_SIGN_STYLE = Automatic;
				DEVELOPMENT_ASSET_PATHS = "\"Skynet/Preview Content\"";
				DEVELOPMENT_TEAM = LVE8644388;
				ENABLE_PREVIEWS = YES;
				FRAMEWORK_SEARCH_PATHS = (
					"$(inherited)",
					"$(PROJECT_DIR)/Carthage/Build/iOS",
				);
				INFOPLIST_FILE = Skynet/Info.plist;
				IPHONEOS_DEPLOYMENT_TARGET = 13.0;
				LD_RUNPATH_SEARCH_PATHS = (
					"$(inherited)",
					"@executable_path/Frameworks",
				);
				PRODUCT_BUNDLE_IDENTIFIER = tech.sia.skynet;
				PRODUCT_NAME = "$(TARGET_NAME)";
				SWIFT_VERSION = 5.0;
				TARGETED_DEVICE_FAMILY = "1,2";
			};
			name = Debug;
		};
		7D7BE172240B0E600079007C /* Release */ = {
			isa = XCBuildConfiguration;
			buildSettings = {
				ALWAYS_EMBED_SWIFT_STANDARD_LIBRARIES = YES;
				ASSETCATALOG_COMPILER_APPICON_NAME = AppIcon;
				CODE_SIGN_ENTITLEMENTS = Skynet/Skynet.entitlements;
				CODE_SIGN_STYLE = Automatic;
				DEVELOPMENT_ASSET_PATHS = "\"Skynet/Preview Content\"";
				DEVELOPMENT_TEAM = LVE8644388;
				ENABLE_PREVIEWS = YES;
				FRAMEWORK_SEARCH_PATHS = (
					"$(inherited)",
					"$(PROJECT_DIR)/Carthage/Build/iOS",
				);
				INFOPLIST_FILE = Skynet/Info.plist;
				IPHONEOS_DEPLOYMENT_TARGET = 13.0;
				LD_RUNPATH_SEARCH_PATHS = (
					"$(inherited)",
					"@executable_path/Frameworks",
				);
				PRODUCT_BUNDLE_IDENTIFIER = tech.sia.skynet;
				PRODUCT_NAME = "$(TARGET_NAME)";
				SWIFT_VERSION = 5.0;
				TARGETED_DEVICE_FAMILY = "1,2";
			};
			name = Release;
		};
		7D7BE1A1240B295F0079007C /* Debug */ = {
			isa = XCBuildConfiguration;
			buildSettings = {
				ASSETCATALOG_COMPILER_APPICON_NAME = AppIcon;
				CODE_SIGN_ENTITLEMENTS = SkynetSave/SkynetSave.entitlements;
				CODE_SIGN_STYLE = Automatic;
				DEVELOPMENT_TEAM = LVE8644388;
				FRAMEWORK_SEARCH_PATHS = (
					"$(inherited)",
					"$(PROJECT_DIR)/SkynetSave",
					"$(PROJECT_DIR)/Carthage/Build/iOS",
				);
				INFOPLIST_FILE = SkynetSave/Info.plist;
				LD_RUNPATH_SEARCH_PATHS = (
					"$(inherited)",
					"@executable_path/Frameworks",
					"@executable_path/../../Frameworks",
				);
				PRODUCT_BUNDLE_IDENTIFIER = tech.sia.skynet.save;
				PRODUCT_NAME = "$(TARGET_NAME)";
				SKIP_INSTALL = YES;
				SWIFT_VERSION = 5.0;
				TARGETED_DEVICE_FAMILY = "1,2";
			};
			name = Debug;
		};
		7D7BE1A2240B295F0079007C /* Release */ = {
			isa = XCBuildConfiguration;
			buildSettings = {
				ASSETCATALOG_COMPILER_APPICON_NAME = AppIcon;
				CODE_SIGN_ENTITLEMENTS = SkynetSave/SkynetSave.entitlements;
				CODE_SIGN_STYLE = Automatic;
				DEVELOPMENT_TEAM = LVE8644388;
				FRAMEWORK_SEARCH_PATHS = (
					"$(inherited)",
					"$(PROJECT_DIR)/SkynetSave",
					"$(PROJECT_DIR)/Carthage/Build/iOS",
				);
				INFOPLIST_FILE = SkynetSave/Info.plist;
				LD_RUNPATH_SEARCH_PATHS = (
					"$(inherited)",
					"@executable_path/Frameworks",
					"@executable_path/../../Frameworks",
				);
				PRODUCT_BUNDLE_IDENTIFIER = tech.sia.skynet.save;
				PRODUCT_NAME = "$(TARGET_NAME)";
				SKIP_INSTALL = YES;
				SWIFT_VERSION = 5.0;
				TARGETED_DEVICE_FAMILY = "1,2";
			};
			name = Release;
		};
/* End XCBuildConfiguration section */

/* Begin XCConfigurationList section */
		7D7BE157240B0E5E0079007C /* Build configuration list for PBXProject "Skynet" */ = {
			isa = XCConfigurationList;
			buildConfigurations = (
				7D7BE16E240B0E600079007C /* Debug */,
				7D7BE16F240B0E600079007C /* Release */,
			);
			defaultConfigurationIsVisible = 0;
			defaultConfigurationName = Release;
		};
		7D7BE170240B0E600079007C /* Build configuration list for PBXNativeTarget "Skynet" */ = {
			isa = XCConfigurationList;
			buildConfigurations = (
				7D7BE171240B0E600079007C /* Debug */,
				7D7BE172240B0E600079007C /* Release */,
			);
			defaultConfigurationIsVisible = 0;
			defaultConfigurationName = Release;
		};
		7D7BE1A0240B295F0079007C /* Build configuration list for PBXNativeTarget "SkynetSave" */ = {
			isa = XCConfigurationList;
			buildConfigurations = (
				7D7BE1A1240B295F0079007C /* Debug */,
				7D7BE1A2240B295F0079007C /* Release */,
			);
			defaultConfigurationIsVisible = 0;
			defaultConfigurationName = Release;
		};
/* End XCConfigurationList section */
	};
	rootObject = 7D7BE154240B0E5E0079007C /* Project object */;
}
